
Microsoft Visual Studio Solution File, Format Version 12.00
# Visual Studio 2013
VisualStudioVersion = 12.0.31101.0
MinimumVisualStudioVersion = 10.0.40219.1
Project("{FAE04EC0-301F-11D3-BF4B-00C04F79EFBC}") = "StarBinder", "StarBinder.XF\StarBinder\StarBinder.csproj", "{6C048AAD-09C3-442F-A409-B4B7317DF60F}"
EndProject
Project("{2150E333-8FDC-42A3-9474-1A3956D46DE8}") = "Platform", "Platform", "{C4EE142E-DB99-4B4D-9844-8F2CF0BFB4A9}"
EndProject
Project("{FAE04EC0-301F-11D3-BF4B-00C04F79EFBC}") = "StarBinder.iOS", "StarBinder.XF\StarBinder.iOS\StarBinder.iOS.csproj", "{A3A13E81-E84C-4EC2-873A-C9D646E8B9F1}"
EndProject
Project("{FAE04EC0-301F-11D3-BF4B-00C04F79EFBC}") = "StarBinder.Droid", "StarBinder.XF\StarBinder.Droid\StarBinder.Droid.csproj", "{16769E53-BFDD-4AFE-B60B-0D0CBECD2BED}"
EndProject
Project("{FAE04EC0-301F-11D3-BF4B-00C04F79EFBC}") = "StarBinder.WinPhone", "StarBinder.XF\StarBinder.WinPhone\StarBinder.WinPhone.csproj", "{E1C37F46-1276-42BD-80FA-2F34017EE547}"
EndProject
Project("{FAE04EC0-301F-11D3-BF4B-00C04F79EFBC}") = "XF.Core", "StarBinder.XF\XF.Core\XF.Core.csproj", "{67F9D3A8-F71E-4428-913F-C37AE82CDB24}"
EndProject
Project("{FAE04EC0-301F-11D3-BF4B-00C04F79EFBC}") = "StarBinder.Core", "StarBinder.Core\StarBinder.Core.csproj", "{18EAA6BB-DACC-4219-A52C-C4982E73AC00}"
EndProject
Global
	GlobalSection(SolutionConfigurationPlatforms) = preSolution
		Ad-Hoc|Any CPU = Ad-Hoc|Any CPU
		Ad-Hoc|ARM = Ad-Hoc|ARM
		Ad-Hoc|iPhone = Ad-Hoc|iPhone
		Ad-Hoc|iPhoneSimulator = Ad-Hoc|iPhoneSimulator
		Ad-Hoc|Mixed Platforms = Ad-Hoc|Mixed Platforms
		Ad-Hoc|x86 = Ad-Hoc|x86
		AppStore|Any CPU = AppStore|Any CPU
		AppStore|ARM = AppStore|ARM
		AppStore|iPhone = AppStore|iPhone
		AppStore|iPhoneSimulator = AppStore|iPhoneSimulator
		AppStore|Mixed Platforms = AppStore|Mixed Platforms
		AppStore|x86 = AppStore|x86
		Debug|Any CPU = Debug|Any CPU
		Debug|ARM = Debug|ARM
		Debug|iPhone = Debug|iPhone
		Debug|iPhoneSimulator = Debug|iPhoneSimulator
		Debug|Mixed Platforms = Debug|Mixed Platforms
		Debug|x86 = Debug|x86
		Release|Any CPU = Release|Any CPU
		Release|ARM = Release|ARM
		Release|iPhone = Release|iPhone
		Release|iPhoneSimulator = Release|iPhoneSimulator
		Release|Mixed Platforms = Release|Mixed Platforms
		Release|x86 = Release|x86
	EndGlobalSection
	GlobalSection(ProjectConfigurationPlatforms) = postSolution
		{6C048AAD-09C3-442F-A409-B4B7317DF60F}.Ad-Hoc|Any CPU.ActiveCfg = Release|Any CPU
		{6C048AAD-09C3-442F-A409-B4B7317DF60F}.Ad-Hoc|Any CPU.Build.0 = Release|Any CPU
		{6C048AAD-09C3-442F-A409-B4B7317DF60F}.Ad-Hoc|ARM.ActiveCfg = Release|Any CPU
		{6C048AAD-09C3-442F-A409-B4B7317DF60F}.Ad-Hoc|iPhone.ActiveCfg = Release|Any CPU
		{6C048AAD-09C3-442F-A409-B4B7317DF60F}.Ad-Hoc|iPhoneSimulator.ActiveCfg = Release|Any CPU
		{6C048AAD-09C3-442F-A409-B4B7317DF60F}.Ad-Hoc|Mixed Platforms.ActiveCfg = Release|Any CPU
		{6C048AAD-09C3-442F-A409-B4B7317DF60F}.Ad-Hoc|Mixed Platforms.Build.0 = Release|Any CPU
		{6C048AAD-09C3-442F-A409-B4B7317DF60F}.Ad-Hoc|x86.ActiveCfg = Release|Any CPU
		{6C048AAD-09C3-442F-A409-B4B7317DF60F}.AppStore|Any CPU.ActiveCfg = Release|Any CPU
		{6C048AAD-09C3-442F-A409-B4B7317DF60F}.AppStore|Any CPU.Build.0 = Release|Any CPU
		{6C048AAD-09C3-442F-A409-B4B7317DF60F}.AppStore|ARM.ActiveCfg = Release|Any CPU
		{6C048AAD-09C3-442F-A409-B4B7317DF60F}.AppStore|iPhone.ActiveCfg = Release|Any CPU
		{6C048AAD-09C3-442F-A409-B4B7317DF60F}.AppStore|iPhoneSimulator.ActiveCfg = Release|Any CPU
		{6C048AAD-09C3-442F-A409-B4B7317DF60F}.AppStore|Mixed Platforms.ActiveCfg = Release|Any CPU
		{6C048AAD-09C3-442F-A409-B4B7317DF60F}.AppStore|Mixed Platforms.Build.0 = Release|Any CPU
		{6C048AAD-09C3-442F-A409-B4B7317DF60F}.AppStore|x86.ActiveCfg = Release|Any CPU
		{6C048AAD-09C3-442F-A409-B4B7317DF60F}.Debug|Any CPU.ActiveCfg = Debug|Any CPU
		{6C048AAD-09C3-442F-A409-B4B7317DF60F}.Debug|Any CPU.Build.0 = Debug|Any CPU
		{6C048AAD-09C3-442F-A409-B4B7317DF60F}.Debug|ARM.ActiveCfg = Debug|Any CPU
		{6C048AAD-09C3-442F-A409-B4B7317DF60F}.Debug|iPhone.ActiveCfg = Debug|Any CPU
		{6C048AAD-09C3-442F-A409-B4B7317DF60F}.Debug|iPhoneSimulator.ActiveCfg = Debug|Any CPU
		{6C048AAD-09C3-442F-A409-B4B7317DF60F}.Debug|Mixed Platforms.ActiveCfg = Debug|Any CPU
		{6C048AAD-09C3-442F-A409-B4B7317DF60F}.Debug|Mixed Platforms.Build.0 = Debug|Any CPU
		{6C048AAD-09C3-442F-A409-B4B7317DF60F}.Debug|x86.ActiveCfg = Debug|Any CPU
		{6C048AAD-09C3-442F-A409-B4B7317DF60F}.Release|Any CPU.ActiveCfg = Release|Any CPU
		{6C048AAD-09C3-442F-A409-B4B7317DF60F}.Release|Any CPU.Build.0 = Release|Any CPU
		{6C048AAD-09C3-442F-A409-B4B7317DF60F}.Release|ARM.ActiveCfg = Release|Any CPU
		{6C048AAD-09C3-442F-A409-B4B7317DF60F}.Release|iPhone.ActiveCfg = Release|Any CPU
		{6C048AAD-09C3-442F-A409-B4B7317DF60F}.Release|iPhoneSimulator.ActiveCfg = Release|Any CPU
		{6C048AAD-09C3-442F-A409-B4B7317DF60F}.Release|Mixed Platforms.ActiveCfg = Release|Any CPU
		{6C048AAD-09C3-442F-A409-B4B7317DF60F}.Release|Mixed Platforms.Build.0 = Release|Any CPU
		{6C048AAD-09C3-442F-A409-B4B7317DF60F}.Release|x86.ActiveCfg = Release|Any CPU
		{A3A13E81-E84C-4EC2-873A-C9D646E8B9F1}.Ad-Hoc|Any CPU.ActiveCfg = Ad-Hoc|iPhone
		{A3A13E81-E84C-4EC2-873A-C9D646E8B9F1}.Ad-Hoc|ARM.ActiveCfg = Ad-Hoc|iPhone
		{A3A13E81-E84C-4EC2-873A-C9D646E8B9F1}.Ad-Hoc|iPhone.ActiveCfg = Ad-Hoc|iPhone
		{A3A13E81-E84C-4EC2-873A-C9D646E8B9F1}.Ad-Hoc|iPhone.Build.0 = Ad-Hoc|iPhone
		{A3A13E81-E84C-4EC2-873A-C9D646E8B9F1}.Ad-Hoc|iPhoneSimulator.ActiveCfg = Ad-Hoc|iPhoneSimulator
		{A3A13E81-E84C-4EC2-873A-C9D646E8B9F1}.Ad-Hoc|iPhoneSimulator.Build.0 = Ad-Hoc|iPhoneSimulator
		{A3A13E81-E84C-4EC2-873A-C9D646E8B9F1}.Ad-Hoc|Mixed Platforms.ActiveCfg = Ad-Hoc|iPhone
		{A3A13E81-E84C-4EC2-873A-C9D646E8B9F1}.Ad-Hoc|Mixed Platforms.Build.0 = Ad-Hoc|iPhone
		{A3A13E81-E84C-4EC2-873A-C9D646E8B9F1}.Ad-Hoc|x86.ActiveCfg = Ad-Hoc|iPhone
		{A3A13E81-E84C-4EC2-873A-C9D646E8B9F1}.AppStore|Any CPU.ActiveCfg = AppStore|iPhone
		{A3A13E81-E84C-4EC2-873A-C9D646E8B9F1}.AppStore|ARM.ActiveCfg = AppStore|iPhone
		{A3A13E81-E84C-4EC2-873A-C9D646E8B9F1}.AppStore|iPhone.ActiveCfg = AppStore|iPhone
		{A3A13E81-E84C-4EC2-873A-C9D646E8B9F1}.AppStore|iPhone.Build.0 = AppStore|iPhone
		{A3A13E81-E84C-4EC2-873A-C9D646E8B9F1}.AppStore|iPhoneSimulator.ActiveCfg = AppStore|iPhoneSimulator
		{A3A13E81-E84C-4EC2-873A-C9D646E8B9F1}.AppStore|iPhoneSimulator.Build.0 = AppStore|iPhoneSimulator
		{A3A13E81-E84C-4EC2-873A-C9D646E8B9F1}.AppStore|Mixed Platforms.ActiveCfg = AppStore|iPhone
		{A3A13E81-E84C-4EC2-873A-C9D646E8B9F1}.AppStore|Mixed Platforms.Build.0 = AppStore|iPhone
		{A3A13E81-E84C-4EC2-873A-C9D646E8B9F1}.AppStore|x86.ActiveCfg = AppStore|iPhone
		{A3A13E81-E84C-4EC2-873A-C9D646E8B9F1}.Debug|Any CPU.ActiveCfg = Debug|iPhone
		{A3A13E81-E84C-4EC2-873A-C9D646E8B9F1}.Debug|ARM.ActiveCfg = Debug|iPhone
		{A3A13E81-E84C-4EC2-873A-C9D646E8B9F1}.Debug|iPhone.ActiveCfg = Debug|iPhone
		{A3A13E81-E84C-4EC2-873A-C9D646E8B9F1}.Debug|iPhone.Build.0 = Debug|iPhone
		{A3A13E81-E84C-4EC2-873A-C9D646E8B9F1}.Debug|iPhoneSimulator.ActiveCfg = Debug|iPhoneSimulator
		{A3A13E81-E84C-4EC2-873A-C9D646E8B9F1}.Debug|iPhoneSimulator.Build.0 = Debug|iPhoneSimulator
		{A3A13E81-E84C-4EC2-873A-C9D646E8B9F1}.Debug|Mixed Platforms.ActiveCfg = Debug|iPhone
		{A3A13E81-E84C-4EC2-873A-C9D646E8B9F1}.Debug|Mixed Platforms.Build.0 = Debug|iPhone
		{A3A13E81-E84C-4EC2-873A-C9D646E8B9F1}.Debug|x86.ActiveCfg = Debug|iPhone
		{A3A13E81-E84C-4EC2-873A-C9D646E8B9F1}.Release|Any CPU.ActiveCfg = Release|iPhone
		{A3A13E81-E84C-4EC2-873A-C9D646E8B9F1}.Release|ARM.ActiveCfg = Release|iPhone
		{A3A13E81-E84C-4EC2-873A-C9D646E8B9F1}.Release|iPhone.ActiveCfg = Release|iPhone
		{A3A13E81-E84C-4EC2-873A-C9D646E8B9F1}.Release|iPhone.Build.0 = Release|iPhone
		{A3A13E81-E84C-4EC2-873A-C9D646E8B9F1}.Release|iPhoneSimulator.ActiveCfg = Release|iPhoneSimulator
		{A3A13E81-E84C-4EC2-873A-C9D646E8B9F1}.Release|iPhoneSimulator.Build.0 = Release|iPhoneSimulator
		{A3A13E81-E84C-4EC2-873A-C9D646E8B9F1}.Release|Mixed Platforms.ActiveCfg = Release|iPhone
		{A3A13E81-E84C-4EC2-873A-C9D646E8B9F1}.Release|Mixed Platforms.Build.0 = Release|iPhone
		{A3A13E81-E84C-4EC2-873A-C9D646E8B9F1}.Release|x86.ActiveCfg = Release|iPhone
		{16769E53-BFDD-4AFE-B60B-0D0CBECD2BED}.Ad-Hoc|Any CPU.ActiveCfg = Release|Any CPU
		{16769E53-BFDD-4AFE-B60B-0D0CBECD2BED}.Ad-Hoc|Any CPU.Build.0 = Release|Any CPU
		{16769E53-BFDD-4AFE-B60B-0D0CBECD2BED}.Ad-Hoc|Any CPU.Deploy.0 = Release|Any CPU
		{16769E53-BFDD-4AFE-B60B-0D0CBECD2BED}.Ad-Hoc|ARM.ActiveCfg = Release|Any CPU
		{16769E53-BFDD-4AFE-B60B-0D0CBECD2BED}.Ad-Hoc|iPhone.ActiveCfg = Release|Any CPU
		{16769E53-BFDD-4AFE-B60B-0D0CBECD2BED}.Ad-Hoc|iPhoneSimulator.ActiveCfg = Release|Any CPU
		{16769E53-BFDD-4AFE-B60B-0D0CBECD2BED}.Ad-Hoc|Mixed Platforms.ActiveCfg = Release|Any CPU
		{16769E53-BFDD-4AFE-B60B-0D0CBECD2BED}.Ad-Hoc|Mixed Platforms.Build.0 = Release|Any CPU
		{16769E53-BFDD-4AFE-B60B-0D0CBECD2BED}.Ad-Hoc|Mixed Platforms.Deploy.0 = Release|Any CPU
		{16769E53-BFDD-4AFE-B60B-0D0CBECD2BED}.Ad-Hoc|x86.ActiveCfg = Release|Any CPU
		{16769E53-BFDD-4AFE-B60B-0D0CBECD2BED}.AppStore|Any CPU.ActiveCfg = Release|Any CPU
		{16769E53-BFDD-4AFE-B60B-0D0CBECD2BED}.AppStore|Any CPU.Build.0 = Release|Any CPU
		{16769E53-BFDD-4AFE-B60B-0D0CBECD2BED}.AppStore|Any CPU.Deploy.0 = Release|Any CPU
		{16769E53-BFDD-4AFE-B60B-0D0CBECD2BED}.AppStore|ARM.ActiveCfg = Release|Any CPU
		{16769E53-BFDD-4AFE-B60B-0D0CBECD2BED}.AppStore|iPhone.ActiveCfg = Release|Any CPU
		{16769E53-BFDD-4AFE-B60B-0D0CBECD2BED}.AppStore|iPhoneSimulator.ActiveCfg = Release|Any CPU
		{16769E53-BFDD-4AFE-B60B-0D0CBECD2BED}.AppStore|Mixed Platforms.ActiveCfg = Release|Any CPU
		{16769E53-BFDD-4AFE-B60B-0D0CBECD2BED}.AppStore|Mixed Platforms.Build.0 = Release|Any CPU
		{16769E53-BFDD-4AFE-B60B-0D0CBECD2BED}.AppStore|Mixed Platforms.Deploy.0 = Release|Any CPU
		{16769E53-BFDD-4AFE-B60B-0D0CBECD2BED}.AppStore|x86.ActiveCfg = Release|Any CPU
		{16769E53-BFDD-4AFE-B60B-0D0CBECD2BED}.Debug|Any CPU.ActiveCfg = Debug|Any CPU
		{16769E53-BFDD-4AFE-B60B-0D0CBECD2BED}.Debug|Any CPU.Build.0 = Debug|Any CPU
		{16769E53-BFDD-4AFE-B60B-0D0CBECD2BED}.Debug|Any CPU.Deploy.0 = Debug|Any CPU
		{16769E53-BFDD-4AFE-B60B-0D0CBECD2BED}.Debug|ARM.ActiveCfg = Debug|Any CPU
		{16769E53-BFDD-4AFE-B60B-0D0CBECD2BED}.Debug|iPhone.ActiveCfg = Debug|Any CPU
		{16769E53-BFDD-4AFE-B60B-0D0CBECD2BED}.Debug|iPhoneSimulator.ActiveCfg = Debug|Any CPU
		{16769E53-BFDD-4AFE-B60B-0D0CBECD2BED}.Debug|Mixed Platforms.ActiveCfg = Debug|Any CPU
		{16769E53-BFDD-4AFE-B60B-0D0CBECD2BED}.Debug|Mixed Platforms.Build.0 = Debug|Any CPU
		{16769E53-BFDD-4AFE-B60B-0D0CBECD2BED}.Debug|Mixed Platforms.Deploy.0 = Debug|Any CPU
		{16769E53-BFDD-4AFE-B60B-0D0CBECD2BED}.Debug|x86.ActiveCfg = Debug|Any CPU
		{16769E53-BFDD-4AFE-B60B-0D0CBECD2BED}.Release|Any CPU.ActiveCfg = Release|Any CPU
		{16769E53-BFDD-4AFE-B60B-0D0CBECD2BED}.Release|Any CPU.Build.0 = Release|Any CPU
		{16769E53-BFDD-4AFE-B60B-0D0CBECD2BED}.Release|Any CPU.Deploy.0 = Release|Any CPU
		{16769E53-BFDD-4AFE-B60B-0D0CBECD2BED}.Release|ARM.ActiveCfg = Release|Any CPU
		{16769E53-BFDD-4AFE-B60B-0D0CBECD2BED}.Release|iPhone.ActiveCfg = Release|Any CPU
		{16769E53-BFDD-4AFE-B60B-0D0CBECD2BED}.Release|iPhoneSimulator.ActiveCfg = Release|Any CPU
		{16769E53-BFDD-4AFE-B60B-0D0CBECD2BED}.Release|Mixed Platforms.ActiveCfg = Release|Any CPU
		{16769E53-BFDD-4AFE-B60B-0D0CBECD2BED}.Release|Mixed Platforms.Build.0 = Release|Any CPU
		{16769E53-BFDD-4AFE-B60B-0D0CBECD2BED}.Release|Mixed Platforms.Deploy.0 = Release|Any CPU
		{16769E53-BFDD-4AFE-B60B-0D0CBECD2BED}.Release|x86.ActiveCfg = Release|Any CPU
		{E1C37F46-1276-42BD-80FA-2F34017EE547}.Ad-Hoc|Any CPU.ActiveCfg = Release|Any CPU
		{E1C37F46-1276-42BD-80FA-2F34017EE547}.Ad-Hoc|Any CPU.Build.0 = Release|Any CPU
		{E1C37F46-1276-42BD-80FA-2F34017EE547}.Ad-Hoc|Any CPU.Deploy.0 = Release|Any CPU
		{E1C37F46-1276-42BD-80FA-2F34017EE547}.Ad-Hoc|ARM.ActiveCfg = Release|ARM
		{E1C37F46-1276-42BD-80FA-2F34017EE547}.Ad-Hoc|ARM.Build.0 = Release|ARM
		{E1C37F46-1276-42BD-80FA-2F34017EE547}.Ad-Hoc|ARM.Deploy.0 = Release|ARM
		{E1C37F46-1276-42BD-80FA-2F34017EE547}.Ad-Hoc|iPhone.ActiveCfg = Release|Any CPU
		{E1C37F46-1276-42BD-80FA-2F34017EE547}.Ad-Hoc|iPhoneSimulator.ActiveCfg = Release|Any CPU
		{E1C37F46-1276-42BD-80FA-2F34017EE547}.Ad-Hoc|Mixed Platforms.ActiveCfg = Release|x86
		{E1C37F46-1276-42BD-80FA-2F34017EE547}.Ad-Hoc|Mixed Platforms.Build.0 = Release|x86
		{E1C37F46-1276-42BD-80FA-2F34017EE547}.Ad-Hoc|Mixed Platforms.Deploy.0 = Release|x86
		{E1C37F46-1276-42BD-80FA-2F34017EE547}.Ad-Hoc|x86.ActiveCfg = Release|x86
		{E1C37F46-1276-42BD-80FA-2F34017EE547}.Ad-Hoc|x86.Build.0 = Release|x86
		{E1C37F46-1276-42BD-80FA-2F34017EE547}.Ad-Hoc|x86.Deploy.0 = Release|x86
		{E1C37F46-1276-42BD-80FA-2F34017EE547}.AppStore|Any CPU.ActiveCfg = Release|Any CPU
		{E1C37F46-1276-42BD-80FA-2F34017EE547}.AppStore|Any CPU.Build.0 = Release|Any CPU
		{E1C37F46-1276-42BD-80FA-2F34017EE547}.AppStore|Any CPU.Deploy.0 = Release|Any CPU
		{E1C37F46-1276-42BD-80FA-2F34017EE547}.AppStore|ARM.ActiveCfg = Release|ARM
		{E1C37F46-1276-42BD-80FA-2F34017EE547}.AppStore|ARM.Build.0 = Release|ARM
		{E1C37F46-1276-42BD-80FA-2F34017EE547}.AppStore|ARM.Deploy.0 = Release|ARM
		{E1C37F46-1276-42BD-80FA-2F34017EE547}.AppStore|iPhone.ActiveCfg = Release|Any CPU
		{E1C37F46-1276-42BD-80FA-2F34017EE547}.AppStore|iPhoneSimulator.ActiveCfg = Release|Any CPU
		{E1C37F46-1276-42BD-80FA-2F34017EE547}.AppStore|Mixed Platforms.ActiveCfg = Release|x86
		{E1C37F46-1276-42BD-80FA-2F34017EE547}.AppStore|Mixed Platforms.Build.0 = Release|x86
		{E1C37F46-1276-42BD-80FA-2F34017EE547}.AppStore|Mixed Platforms.Deploy.0 = Release|x86
		{E1C37F46-1276-42BD-80FA-2F34017EE547}.AppStore|x86.ActiveCfg = Release|x86
		{E1C37F46-1276-42BD-80FA-2F34017EE547}.AppStore|x86.Build.0 = Release|x86
		{E1C37F46-1276-42BD-80FA-2F34017EE547}.AppStore|x86.Deploy.0 = Release|x86
		{E1C37F46-1276-42BD-80FA-2F34017EE547}.Debug|Any CPU.ActiveCfg = Debug|Any CPU
		{E1C37F46-1276-42BD-80FA-2F34017EE547}.Debug|Any CPU.Build.0 = Debug|Any CPU
		{E1C37F46-1276-42BD-80FA-2F34017EE547}.Debug|Any CPU.Deploy.0 = Debug|Any CPU
		{E1C37F46-1276-42BD-80FA-2F34017EE547}.Debug|ARM.ActiveCfg = Debug|ARM
		{E1C37F46-1276-42BD-80FA-2F34017EE547}.Debug|ARM.Build.0 = Debug|ARM
		{E1C37F46-1276-42BD-80FA-2F34017EE547}.Debug|ARM.Deploy.0 = Debug|ARM
		{E1C37F46-1276-42BD-80FA-2F34017EE547}.Debug|iPhone.ActiveCfg = Debug|Any CPU
		{E1C37F46-1276-42BD-80FA-2F34017EE547}.Debug|iPhoneSimulator.ActiveCfg = Debug|Any CPU
		{E1C37F46-1276-42BD-80FA-2F34017EE547}.Debug|Mixed Platforms.ActiveCfg = Debug|x86
		{E1C37F46-1276-42BD-80FA-2F34017EE547}.Debug|Mixed Platforms.Build.0 = Debug|x86
		{E1C37F46-1276-42BD-80FA-2F34017EE547}.Debug|Mixed Platforms.Deploy.0 = Debug|x86
		{E1C37F46-1276-42BD-80FA-2F34017EE547}.Debug|x86.ActiveCfg = Debug|x86
		{E1C37F46-1276-42BD-80FA-2F34017EE547}.Debug|x86.Build.0 = Debug|x86
		{E1C37F46-1276-42BD-80FA-2F34017EE547}.Debug|x86.Deploy.0 = Debug|x86
		{E1C37F46-1276-42BD-80FA-2F34017EE547}.Release|Any CPU.ActiveCfg = Release|Any CPU
		{E1C37F46-1276-42BD-80FA-2F34017EE547}.Release|Any CPU.Build.0 = Release|Any CPU
		{E1C37F46-1276-42BD-80FA-2F34017EE547}.Release|Any CPU.Deploy.0 = Release|Any CPU
		{E1C37F46-1276-42BD-80FA-2F34017EE547}.Release|ARM.ActiveCfg = Release|ARM
		{E1C37F46-1276-42BD-80FA-2F34017EE547}.Release|ARM.Build.0 = Release|ARM
		{E1C37F46-1276-42BD-80FA-2F34017EE547}.Release|ARM.Deploy.0 = Release|ARM
		{E1C37F46-1276-42BD-80FA-2F34017EE547}.Release|iPhone.ActiveCfg = Release|Any CPU
		{E1C37F46-1276-42BD-80FA-2F34017EE547}.Release|iPhoneSimulator.ActiveCfg = Release|Any CPU
		{E1C37F46-1276-42BD-80FA-2F34017EE547}.Release|Mixed Platforms.ActiveCfg = Release|x86
		{E1C37F46-1276-42BD-80FA-2F34017EE547}.Release|Mixed Platforms.Build.0 = Release|x86
		{E1C37F46-1276-42BD-80FA-2F34017EE547}.Release|Mixed Platforms.Deploy.0 = Release|x86
		{E1C37F46-1276-42BD-80FA-2F34017EE547}.Release|x86.ActiveCfg = Release|x86
		{E1C37F46-1276-42BD-80FA-2F34017EE547}.Release|x86.Build.0 = Release|x86
		{E1C37F46-1276-42BD-80FA-2F34017EE547}.Release|x86.Deploy.0 = Release|x86
		{67F9D3A8-F71E-4428-913F-C37AE82CDB24}.Ad-Hoc|Any CPU.ActiveCfg = Release|Any CPU
		{67F9D3A8-F71E-4428-913F-C37AE82CDB24}.Ad-Hoc|Any CPU.Build.0 = Release|Any CPU
		{67F9D3A8-F71E-4428-913F-C37AE82CDB24}.Ad-Hoc|ARM.ActiveCfg = Release|Any CPU
		{67F9D3A8-F71E-4428-913F-C37AE82CDB24}.Ad-Hoc|iPhone.ActiveCfg = Release|Any CPU
		{67F9D3A8-F71E-4428-913F-C37AE82CDB24}.Ad-Hoc|iPhoneSimulator.ActiveCfg = Release|Any CPU
		{67F9D3A8-F71E-4428-913F-C37AE82CDB24}.Ad-Hoc|Mixed Platforms.ActiveCfg = Release|Any CPU
		{67F9D3A8-F71E-4428-913F-C37AE82CDB24}.Ad-Hoc|Mixed Platforms.Build.0 = Release|Any CPU
		{67F9D3A8-F71E-4428-913F-C37AE82CDB24}.Ad-Hoc|x86.ActiveCfg = Release|Any CPU
		{67F9D3A8-F71E-4428-913F-C37AE82CDB24}.AppStore|Any CPU.ActiveCfg = Release|Any CPU
		{67F9D3A8-F71E-4428-913F-C37AE82CDB24}.AppStore|Any CPU.Build.0 = Release|Any CPU
		{67F9D3A8-F71E-4428-913F-C37AE82CDB24}.AppStore|ARM.ActiveCfg = Release|Any CPU
		{67F9D3A8-F71E-4428-913F-C37AE82CDB24}.AppStore|iPhone.ActiveCfg = Release|Any CPU
		{67F9D3A8-F71E-4428-913F-C37AE82CDB24}.AppStore|iPhoneSimulator.ActiveCfg = Release|Any CPU
		{67F9D3A8-F71E-4428-913F-C37AE82CDB24}.AppStore|Mixed Platforms.ActiveCfg = Release|Any CPU
		{67F9D3A8-F71E-4428-913F-C37AE82CDB24}.AppStore|Mixed Platforms.Build.0 = Release|Any CPU
		{67F9D3A8-F71E-4428-913F-C37AE82CDB24}.AppStore|x86.ActiveCfg = Release|Any CPU
		{67F9D3A8-F71E-4428-913F-C37AE82CDB24}.Debug|Any CPU.ActiveCfg = Debug|Any CPU
		{67F9D3A8-F71E-4428-913F-C37AE82CDB24}.Debug|Any CPU.Build.0 = Debug|Any CPU
		{67F9D3A8-F71E-4428-913F-C37AE82CDB24}.Debug|ARM.ActiveCfg = Debug|Any CPU
		{67F9D3A8-F71E-4428-913F-C37AE82CDB24}.Debug|iPhone.ActiveCfg = Debug|Any CPU
		{67F9D3A8-F71E-4428-913F-C37AE82CDB24}.Debug|iPhoneSimulator.ActiveCfg = Debug|Any CPU
		{67F9D3A8-F71E-4428-913F-C37AE82CDB24}.Debug|Mixed Platforms.ActiveCfg = Debug|Any CPU
		{67F9D3A8-F71E-4428-913F-C37AE82CDB24}.Debug|Mixed Platforms.Build.0 = Debug|Any CPU
		{67F9D3A8-F71E-4428-913F-C37AE82CDB24}.Debug|x86.ActiveCfg = Debug|Any CPU
		{67F9D3A8-F71E-4428-913F-C37AE82CDB24}.Release|Any CPU.ActiveCfg = Release|Any CPU
		{67F9D3A8-F71E-4428-913F-C37AE82CDB24}.Release|Any CPU.Build.0 = Release|Any CPU
		{67F9D3A8-F71E-4428-913F-C37AE82CDB24}.Release|ARM.ActiveCfg = Release|Any CPU
		{67F9D3A8-F71E-4428-913F-C37AE82CDB24}.Release|iPhone.ActiveCfg = Release|Any CPU
		{67F9D3A8-F71E-4428-913F-C37AE82CDB24}.Release|iPhoneSimulator.ActiveCfg = Release|Any CPU
		{67F9D3A8-F71E-4428-913F-C37AE82CDB24}.Release|Mixed Platforms.ActiveCfg = Release|Any CPU
		{67F9D3A8-F71E-4428-913F-C37AE82CDB24}.Release|Mixed Platforms.Build.0 = Release|Any CPU
		{67F9D3A8-F71E-4428-913F-C37AE82CDB24}.Release|x86.ActiveCfg = Release|Any CPU
		{18EAA6BB-DACC-4219-A52C-C4982E73AC00}.Ad-Hoc|Any CPU.ActiveCfg = Release|Any CPU
		{18EAA6BB-DACC-4219-A52C-C4982E73AC00}.Ad-Hoc|Any CPU.Build.0 = Release|Any CPU
		{18EAA6BB-DACC-4219-A52C-C4982E73AC00}.Ad-Hoc|ARM.ActiveCfg = Release|Any CPU
		{18EAA6BB-DACC-4219-A52C-C4982E73AC00}.Ad-Hoc|iPhone.ActiveCfg = Release|Any CPU
		{18EAA6BB-DACC-4219-A52C-C4982E73AC00}.Ad-Hoc|iPhoneSimulator.ActiveCfg = Release|Any CPU
		{18EAA6BB-DACC-4219-A52C-C4982E73AC00}.Ad-Hoc|Mixed Platforms.ActiveCfg = Release|Any CPU
		{18EAA6BB-DACC-4219-A52C-C4982E73AC00}.Ad-Hoc|Mixed Platforms.Build.0 = Release|Any CPU
		{18EAA6BB-DACC-4219-A52C-C4982E73AC00}.Ad-Hoc|x86.ActiveCfg = Release|Any CPU
		{18EAA6BB-DACC-4219-A52C-C4982E73AC00}.AppStore|Any CPU.ActiveCfg = Release|Any CPU
		{18EAA6BB-DACC-4219-A52C-C4982E73AC00}.AppStore|Any CPU.Build.0 = Release|Any CPU
		{18EAA6BB-DACC-4219-A52C-C4982E73AC00}.AppStore|ARM.ActiveCfg = Release|Any CPU
		{18EAA6BB-DACC-4219-A52C-C4982E73AC00}.AppStore|iPhone.ActiveCfg = Release|Any CPU
		{18EAA6BB-DACC-4219-A52C-C4982E73AC00}.AppStore|iPhoneSimulator.ActiveCfg = Release|Any CPU
		{18EAA6BB-DACC-4219-A52C-C4982E73AC00}.AppStore|Mixed Platforms.ActiveCfg = Release|Any CPU
		{18EAA6BB-DACC-4219-A52C-C4982E73AC00}.AppStore|Mixed Platforms.Build.0 = Release|Any CPU
		{18EAA6BB-DACC-4219-A52C-C4982E73AC00}.AppStore|x86.ActiveCfg = Release|Any CPU
		{18EAA6BB-DACC-4219-A52C-C4982E73AC00}.Debug|Any CPU.ActiveCfg = Debug|Any CPU
		{18EAA6BB-DACC-4219-A52C-C4982E73AC00}.Debug|Any CPU.Build.0 = Debug|Any CPU
		{18EAA6BB-DACC-4219-A52C-C4982E73AC00}.Debug|ARM.ActiveCfg = Debug|Any CPU
		{18EAA6BB-DACC-4219-A52C-C4982E73AC00}.Debug|iPhone.ActiveCfg = Debug|Any CPU
		{18EAA6BB-DACC-4219-A52C-C4982E73AC00}.Debug|iPhoneSimulator.ActiveCfg = Debug|Any CPU
		{18EAA6BB-DACC-4219-A52C-C4982E73AC00}.Debug|Mixed Platforms.ActiveCfg = Debug|Any CPU
		{18EAA6BB-DACC-4219-A52C-C4982E73AC00}.Debug|Mixed Platforms.Build.0 = Debug|Any CPU
		{18EAA6BB-DACC-4219-A52C-C4982E73AC00}.Debug|x86.ActiveCfg = Debug|Any CPU
		{18EAA6BB-DACC-4219-A52C-C4982E73AC00}.Release|Any CPU.ActiveCfg = Release|Any CPU
		{18EAA6BB-DACC-4219-A52C-C4982E73AC00}.Release|Any CPU.Build.0 = Release|Any CPU
		{18EAA6BB-DACC-4219-A52C-C4982E73AC00}.Release|ARM.ActiveCfg = Release|Any CPU
		{18EAA6BB-DACC-4219-A52C-C4982E73AC00}.Release|iPhone.ActiveCfg = Release|Any CPU
		{18EAA6BB-DACC-4219-A52C-C4982E73AC00}.Release|iPhoneSimulator.ActiveCfg = Release|Any CPU
		{18EAA6BB-DACC-4219-A52C-C4982E73AC00}.Release|Mixed Platforms.ActiveCfg = Release|Any CPU
		{18EAA6BB-DACC-4219-A52C-C4982E73AC00}.Release|Mixed Platforms.Build.0 = Release|Any CPU
		{18EAA6BB-DACC-4219-A52C-C4982E73AC00}.Release|x86.ActiveCfg = Release|Any CPU
	EndGlobalSection
	GlobalSection(SolutionProperties) = preSolution
		HideSolutionNode = FALSE
	EndGlobalSection
	GlobalSection(NestedProjects) = preSolution
		{A3A13E81-E84C-4EC2-873A-C9D646E8B9F1} = {C4EE142E-DB99-4B4D-9844-8F2CF0BFB4A9}
		{16769E53-BFDD-4AFE-B60B-0D0CBECD2BED} = {C4EE142E-DB99-4B4D-9844-8F2CF0BFB4A9}
		{E1C37F46-1276-42BD-80FA-2F34017EE547} = {C4EE142E-DB99-4B4D-9844-8F2CF0BFB4A9}
	EndGlobalSection
EndGlobal
