
Microsoft Visual Studio Solution File, Format Version 12.00
# Visual Studio 2013
VisualStudioVersion = 12.0.31101.0
MinimumVisualStudioVersion = 10.0.40219.1
Project("{FAE04EC0-301F-11D3-BF4B-00C04F79EFBC}") = "StarBinder", "StarBinder.XF\StarBinder\StarBinder.csproj", "{6C048AAD-09C3-442F-A409-B4B7317DF60F}"
EndProject
Project("{2150E333-8FDC-42A3-9474-1A3956D46DE8}") = "Platform", "Platform", "{C4EE142E-DB99-4B4D-9844-8F2CF0BFB4A9}"
EndProject
Project("{FAE04EC0-301F-11D3-BF4B-00C04F79EFBC}") = "StarBinder.WinPhone", "StarBinder.XF\StarBinder.WinPhone\StarBinder.WinPhone.csproj", "{E1C37F46-1276-42BD-80FA-2F34017EE547}"
EndProject
Project("{FAE04EC0-301F-11D3-BF4B-00C04F79EFBC}") = "XF.Core", "StarBinder.XF\XF.Core\XF.Core.csproj", "{67F9D3A8-F71E-4428-913F-C37AE82CDB24}"
EndProject
Project("{FAE04EC0-301F-11D3-BF4B-00C04F79EFBC}") = "StarBinder.Core", "StarBinder.Core\StarBinder.Core.csproj", "{18EAA6BB-DACC-4219-A52C-C4982E73AC00}"
EndProject
Project("{FAE04EC0-301F-11D3-BF4B-00C04F79EFBC}") = "StarBinder.WindowsApp", "StarBinder.XF\StarBinder.WindowsApp\StarBinder.WindowsApp.csproj", "{2180034D-707B-4BC0-AFD8-3D461F61AD29}"
EndProject
Global
	GlobalSection(SolutionConfigurationPlatforms) = preSolution
		Ad-Hoc|Any CPU = Ad-Hoc|Any CPU
		Ad-Hoc|ARM = Ad-Hoc|ARM
		Ad-Hoc|iPhone = Ad-Hoc|iPhone
		Ad-Hoc|iPhoneSimulator = Ad-Hoc|iPhoneSimulator
		Ad-Hoc|Mixed Platforms = Ad-Hoc|Mixed Platforms
		Ad-Hoc|x64 = Ad-Hoc|x64
		Ad-Hoc|x86 = Ad-Hoc|x86
		AppStore|Any CPU = AppStore|Any CPU
		AppStore|ARM = AppStore|ARM
		AppStore|iPhone = AppStore|iPhone
		AppStore|iPhoneSimulator = AppStore|iPhoneSimulator
		AppStore|Mixed Platforms = AppStore|Mixed Platforms
		AppStore|x64 = AppStore|x64
		AppStore|x86 = AppStore|x86
		Debug|Any CPU = Debug|Any CPU
		Debug|ARM = Debug|ARM
		Debug|iPhone = Debug|iPhone
		Debug|iPhoneSimulator = Debug|iPhoneSimulator
		Debug|Mixed Platforms = Debug|Mixed Platforms
		Debug|x64 = Debug|x64
		Debug|x86 = Debug|x86
		Release|Any CPU = Release|Any CPU
		Release|ARM = Release|ARM
		Release|iPhone = Release|iPhone
		Release|iPhoneSimulator = Release|iPhoneSimulator
		Release|Mixed Platforms = Release|Mixed Platforms
		Release|x64 = Release|x64
		Release|x86 = Release|x86
	EndGlobalSection
	GlobalSection(ProjectConfigurationPlatforms) = postSolution
		{6C048AAD-09C3-442F-A409-B4B7317DF60F}.Ad-Hoc|Any CPU.ActiveCfg = Release|Any CPU
		{6C048AAD-09C3-442F-A409-B4B7317DF60F}.Ad-Hoc|Any CPU.Build.0 = Release|Any CPU
		{6C048AAD-09C3-442F-A409-B4B7317DF60F}.Ad-Hoc|ARM.ActiveCfg = Release|Any CPU
		{6C048AAD-09C3-442F-A409-B4B7317DF60F}.Ad-Hoc|iPhone.ActiveCfg = Release|Any CPU
		{6C048AAD-09C3-442F-A409-B4B7317DF60F}.Ad-Hoc|iPhoneSimulator.ActiveCfg = Release|Any CPU
		{6C048AAD-09C3-442F-A409-B4B7317DF60F}.Ad-Hoc|Mixed Platforms.ActiveCfg = Release|Any CPU
		{6C048AAD-09C3-442F-A409-B4B7317DF60F}.Ad-Hoc|Mixed Platforms.Build.0 = Release|Any CPU
		{6C048AAD-09C3-442F-A409-B4B7317DF60F}.Ad-Hoc|x64.ActiveCfg = Debug|Any CPU
		{6C048AAD-09C3-442F-A409-B4B7317DF60F}.Ad-Hoc|x86.ActiveCfg = Release|Any CPU
		{6C048AAD-09C3-442F-A409-B4B7317DF60F}.AppStore|Any CPU.ActiveCfg = Release|Any CPU
		{6C048AAD-09C3-442F-A409-B4B7317DF60F}.AppStore|Any CPU.Build.0 = Release|Any CPU
		{6C048AAD-09C3-442F-A409-B4B7317DF60F}.AppStore|ARM.ActiveCfg = Release|Any CPU
		{6C048AAD-09C3-442F-A409-B4B7317DF60F}.AppStore|iPhone.ActiveCfg = Release|Any CPU
		{6C048AAD-09C3-442F-A409-B4B7317DF60F}.AppStore|iPhoneSimulator.ActiveCfg = Release|Any CPU
		{6C048AAD-09C3-442F-A409-B4B7317DF60F}.AppStore|Mixed Platforms.ActiveCfg = Release|Any CPU
		{6C048AAD-09C3-442F-A409-B4B7317DF60F}.AppStore|Mixed Platforms.Build.0 = Release|Any CPU
		{6C048AAD-09C3-442F-A409-B4B7317DF60F}.AppStore|x64.ActiveCfg = Debug|Any CPU
		{6C048AAD-09C3-442F-A409-B4B7317DF60F}.AppStore|x86.ActiveCfg = Release|Any CPU
		{6C048AAD-09C3-442F-A409-B4B7317DF60F}.Debug|Any CPU.ActiveCfg = Debug|Any CPU
		{6C048AAD-09C3-442F-A409-B4B7317DF60F}.Debug|Any CPU.Build.0 = Debug|Any CPU
		{6C048AAD-09C3-442F-A409-B4B7317DF60F}.Debug|ARM.ActiveCfg = Debug|Any CPU
		{6C048AAD-09C3-442F-A409-B4B7317DF60F}.Debug|iPhone.ActiveCfg = Debug|Any CPU
		{6C048AAD-09C3-442F-A409-B4B7317DF60F}.Debug|iPhoneSimulator.ActiveCfg = Debug|Any CPU
		{6C048AAD-09C3-442F-A409-B4B7317DF60F}.Debug|Mixed Platforms.ActiveCfg = Debug|Any CPU
		{6C048AAD-09C3-442F-A409-B4B7317DF60F}.Debug|Mixed Platforms.Build.0 = Debug|Any CPU
		{6C048AAD-09C3-442F-A409-B4B7317DF60F}.Debug|x64.ActiveCfg = Debug|Any CPU
		{6C048AAD-09C3-442F-A409-B4B7317DF60F}.Debug|x86.ActiveCfg = Debug|Any CPU
		{6C048AAD-09C3-442F-A409-B4B7317DF60F}.Release|Any CPU.ActiveCfg = Release|Any CPU
		{6C048AAD-09C3-442F-A409-B4B7317DF60F}.Release|Any CPU.Build.0 = Release|Any CPU
		{6C048AAD-09C3-442F-A409-B4B7317DF60F}.Release|ARM.ActiveCfg = Release|Any CPU
		{6C048AAD-09C3-442F-A409-B4B7317DF60F}.Release|iPhone.ActiveCfg = Release|Any CPU
		{6C048AAD-09C3-442F-A409-B4B7317DF60F}.Release|iPhoneSimulator.ActiveCfg = Release|Any CPU
		{6C048AAD-09C3-442F-A409-B4B7317DF60F}.Release|Mixed Platforms.ActiveCfg = Release|Any CPU
		{6C048AAD-09C3-442F-A409-B4B7317DF60F}.Release|Mixed Platforms.Build.0 = Release|Any CPU
		{6C048AAD-09C3-442F-A409-B4B7317DF60F}.Release|x64.ActiveCfg = Release|Any CPU
		{6C048AAD-09C3-442F-A409-B4B7317DF60F}.Release|x86.ActiveCfg = Release|Any CPU
		{E1C37F46-1276-42BD-80FA-2F34017EE547}.Ad-Hoc|Any CPU.ActiveCfg = Release|Any CPU
		{E1C37F46-1276-42BD-80FA-2F34017EE547}.Ad-Hoc|Any CPU.Build.0 = Release|Any CPU
		{E1C37F46-1276-42BD-80FA-2F34017EE547}.Ad-Hoc|Any CPU.Deploy.0 = Release|Any CPU
		{E1C37F46-1276-42BD-80FA-2F34017EE547}.Ad-Hoc|ARM.ActiveCfg = Release|ARM
		{E1C37F46-1276-42BD-80FA-2F34017EE547}.Ad-Hoc|ARM.Build.0 = Release|ARM
		{E1C37F46-1276-42BD-80FA-2F34017EE547}.Ad-Hoc|ARM.Deploy.0 = Release|ARM
		{E1C37F46-1276-42BD-80FA-2F34017EE547}.Ad-Hoc|iPhone.ActiveCfg = Release|Any CPU
		{E1C37F46-1276-42BD-80FA-2F34017EE547}.Ad-Hoc|iPhoneSimulator.ActiveCfg = Release|Any CPU
		{E1C37F46-1276-42BD-80FA-2F34017EE547}.Ad-Hoc|Mixed Platforms.ActiveCfg = Release|x86
		{E1C37F46-1276-42BD-80FA-2F34017EE547}.Ad-Hoc|Mixed Platforms.Build.0 = Release|x86
		{E1C37F46-1276-42BD-80FA-2F34017EE547}.Ad-Hoc|Mixed Platforms.Deploy.0 = Release|x86
		{E1C37F46-1276-42BD-80FA-2F34017EE547}.Ad-Hoc|x64.ActiveCfg = Debug|Any CPU
		{E1C37F46-1276-42BD-80FA-2F34017EE547}.Ad-Hoc|x86.ActiveCfg = Release|x86
		{E1C37F46-1276-42BD-80FA-2F34017EE547}.Ad-Hoc|x86.Build.0 = Release|x86
		{E1C37F46-1276-42BD-80FA-2F34017EE547}.Ad-Hoc|x86.Deploy.0 = Release|x86
		{E1C37F46-1276-42BD-80FA-2F34017EE547}.AppStore|Any CPU.ActiveCfg = Release|Any CPU
		{E1C37F46-1276-42BD-80FA-2F34017EE547}.AppStore|Any CPU.Build.0 = Release|Any CPU
		{E1C37F46-1276-42BD-80FA-2F34017EE547}.AppStore|Any CPU.Deploy.0 = Release|Any CPU
		{E1C37F46-1276-42BD-80FA-2F34017EE547}.AppStore|ARM.ActiveCfg = Release|ARM
		{E1C37F46-1276-42BD-80FA-2F34017EE547}.AppStore|ARM.Build.0 = Release|ARM
		{E1C37F46-1276-42BD-80FA-2F34017EE547}.AppStore|ARM.Deploy.0 = Release|ARM
		{E1C37F46-1276-42BD-80FA-2F34017EE547}.AppStore|iPhone.ActiveCfg = Release|Any CPU
		{E1C37F46-1276-42BD-80FA-2F34017EE547}.AppStore|iPhoneSimulator.ActiveCfg = Release|Any CPU
		{E1C37F46-1276-42BD-80FA-2F34017EE547}.AppStore|Mixed Platforms.ActiveCfg = Release|x86
		{E1C37F46-1276-42BD-80FA-2F34017EE547}.AppStore|Mixed Platforms.Build.0 = Release|x86
		{E1C37F46-1276-42BD-80FA-2F34017EE547}.AppStore|Mixed Platforms.Deploy.0 = Release|x86
		{E1C37F46-1276-42BD-80FA-2F34017EE547}.AppStore|x64.ActiveCfg = Debug|Any CPU
		{E1C37F46-1276-42BD-80FA-2F34017EE547}.AppStore|x86.ActiveCfg = Release|x86
		{E1C37F46-1276-42BD-80FA-2F34017EE547}.AppStore|x86.Build.0 = Release|x86
		{E1C37F46-1276-42BD-80FA-2F34017EE547}.AppStore|x86.Deploy.0 = Release|x86
		{E1C37F46-1276-42BD-80FA-2F34017EE547}.Debug|Any CPU.ActiveCfg = Debug|Any CPU
		{E1C37F46-1276-42BD-80FA-2F34017EE547}.Debug|Any CPU.Build.0 = Debug|Any CPU
		{E1C37F46-1276-42BD-80FA-2F34017EE547}.Debug|Any CPU.Deploy.0 = Debug|Any CPU
		{E1C37F46-1276-42BD-80FA-2F34017EE547}.Debug|ARM.ActiveCfg = Debug|ARM
		{E1C37F46-1276-42BD-80FA-2F34017EE547}.Debug|ARM.Build.0 = Debug|ARM
		{E1C37F46-1276-42BD-80FA-2F34017EE547}.Debug|ARM.Deploy.0 = Debug|ARM
		{E1C37F46-1276-42BD-80FA-2F34017EE547}.Debug|iPhone.ActiveCfg = Debug|Any CPU
		{E1C37F46-1276-42BD-80FA-2F34017EE547}.Debug|iPhoneSimulator.ActiveCfg = Debug|Any CPU
		{E1C37F46-1276-42BD-80FA-2F34017EE547}.Debug|Mixed Platforms.ActiveCfg = Debug|x86
		{E1C37F46-1276-42BD-80FA-2F34017EE547}.Debug|Mixed Platforms.Build.0 = Debug|x86
		{E1C37F46-1276-42BD-80FA-2F34017EE547}.Debug|Mixed Platforms.Deploy.0 = Debug|x86
		{E1C37F46-1276-42BD-80FA-2F34017EE547}.Debug|x64.ActiveCfg = Debug|Any CPU
		{E1C37F46-1276-42BD-80FA-2F34017EE547}.Debug|x86.ActiveCfg = Debug|x86
		{E1C37F46-1276-42BD-80FA-2F34017EE547}.Debug|x86.Build.0 = Debug|x86
		{E1C37F46-1276-42BD-80FA-2F34017EE547}.Debug|x86.Deploy.0 = Debug|x86
		{E1C37F46-1276-42BD-80FA-2F34017EE547}.Release|Any CPU.ActiveCfg = Release|Any CPU
		{E1C37F46-1276-42BD-80FA-2F34017EE547}.Release|Any CPU.Build.0 = Release|Any CPU
		{E1C37F46-1276-42BD-80FA-2F34017EE547}.Release|Any CPU.Deploy.0 = Release|Any CPU
		{E1C37F46-1276-42BD-80FA-2F34017EE547}.Release|ARM.ActiveCfg = Release|ARM
		{E1C37F46-1276-42BD-80FA-2F34017EE547}.Release|ARM.Build.0 = Release|ARM
		{E1C37F46-1276-42BD-80FA-2F34017EE547}.Release|ARM.Deploy.0 = Release|ARM
		{E1C37F46-1276-42BD-80FA-2F34017EE547}.Release|iPhone.ActiveCfg = Release|Any CPU
		{E1C37F46-1276-42BD-80FA-2F34017EE547}.Release|iPhoneSimulator.ActiveCfg = Release|Any CPU
		{E1C37F46-1276-42BD-80FA-2F34017EE547}.Release|Mixed Platforms.ActiveCfg = Release|x86
		{E1C37F46-1276-42BD-80FA-2F34017EE547}.Release|Mixed Platforms.Build.0 = Release|x86
		{E1C37F46-1276-42BD-80FA-2F34017EE547}.Release|Mixed Platforms.Deploy.0 = Release|x86
		{E1C37F46-1276-42BD-80FA-2F34017EE547}.Release|x64.ActiveCfg = Release|Any CPU
		{E1C37F46-1276-42BD-80FA-2F34017EE547}.Release|x86.ActiveCfg = Release|x86
		{E1C37F46-1276-42BD-80FA-2F34017EE547}.Release|x86.Build.0 = Release|x86
		{E1C37F46-1276-42BD-80FA-2F34017EE547}.Release|x86.Deploy.0 = Release|x86
		{67F9D3A8-F71E-4428-913F-C37AE82CDB24}.Ad-Hoc|Any CPU.ActiveCfg = Release|Any CPU
		{67F9D3A8-F71E-4428-913F-C37AE82CDB24}.Ad-Hoc|Any CPU.Build.0 = Release|Any CPU
		{67F9D3A8-F71E-4428-913F-C37AE82CDB24}.Ad-Hoc|ARM.ActiveCfg = Release|Any CPU
		{67F9D3A8-F71E-4428-913F-C37AE82CDB24}.Ad-Hoc|iPhone.ActiveCfg = Release|Any CPU
		{67F9D3A8-F71E-4428-913F-C37AE82CDB24}.Ad-Hoc|iPhoneSimulator.ActiveCfg = Release|Any CPU
		{67F9D3A8-F71E-4428-913F-C37AE82CDB24}.Ad-Hoc|Mixed Platforms.ActiveCfg = Release|Any CPU
		{67F9D3A8-F71E-4428-913F-C37AE82CDB24}.Ad-Hoc|Mixed Platforms.Build.0 = Release|Any CPU
		{67F9D3A8-F71E-4428-913F-C37AE82CDB24}.Ad-Hoc|x64.ActiveCfg = Debug|Any CPU
		{67F9D3A8-F71E-4428-913F-C37AE82CDB24}.Ad-Hoc|x86.ActiveCfg = Release|Any CPU
		{67F9D3A8-F71E-4428-913F-C37AE82CDB24}.AppStore|Any CPU.ActiveCfg = Release|Any CPU
		{67F9D3A8-F71E-4428-913F-C37AE82CDB24}.AppStore|Any CPU.Build.0 = Release|Any CPU
		{67F9D3A8-F71E-4428-913F-C37AE82CDB24}.AppStore|ARM.ActiveCfg = Release|Any CPU
		{67F9D3A8-F71E-4428-913F-C37AE82CDB24}.AppStore|iPhone.ActiveCfg = Release|Any CPU
		{67F9D3A8-F71E-4428-913F-C37AE82CDB24}.AppStore|iPhoneSimulator.ActiveCfg = Release|Any CPU
		{67F9D3A8-F71E-4428-913F-C37AE82CDB24}.AppStore|Mixed Platforms.ActiveCfg = Release|Any CPU
		{67F9D3A8-F71E-4428-913F-C37AE82CDB24}.AppStore|Mixed Platforms.Build.0 = Release|Any CPU
		{67F9D3A8-F71E-4428-913F-C37AE82CDB24}.AppStore|x64.ActiveCfg = Debug|Any CPU
		{67F9D3A8-F71E-4428-913F-C37AE82CDB24}.AppStore|x86.ActiveCfg = Release|Any CPU
		{67F9D3A8-F71E-4428-913F-C37AE82CDB24}.Debug|Any CPU.ActiveCfg = Debug|Any CPU
		{67F9D3A8-F71E-4428-913F-C37AE82CDB24}.Debug|Any CPU.Build.0 = Debug|Any CPU
		{67F9D3A8-F71E-4428-913F-C37AE82CDB24}.Debug|ARM.ActiveCfg = Debug|Any CPU
		{67F9D3A8-F71E-4428-913F-C37AE82CDB24}.Debug|iPhone.ActiveCfg = Debug|Any CPU
		{67F9D3A8-F71E-4428-913F-C37AE82CDB24}.Debug|iPhoneSimulator.ActiveCfg = Debug|Any CPU
		{67F9D3A8-F71E-4428-913F-C37AE82CDB24}.Debug|Mixed Platforms.ActiveCfg = Debug|Any CPU
		{67F9D3A8-F71E-4428-913F-C37AE82CDB24}.Debug|Mixed Platforms.Build.0 = Debug|Any CPU
		{67F9D3A8-F71E-4428-913F-C37AE82CDB24}.Debug|x64.ActiveCfg = Debug|Any CPU
		{67F9D3A8-F71E-4428-913F-C37AE82CDB24}.Debug|x86.ActiveCfg = Debug|Any CPU
		{67F9D3A8-F71E-4428-913F-C37AE82CDB24}.Release|Any CPU.ActiveCfg = Release|Any CPU
		{67F9D3A8-F71E-4428-913F-C37AE82CDB24}.Release|Any CPU.Build.0 = Release|Any CPU
		{67F9D3A8-F71E-4428-913F-C37AE82CDB24}.Release|ARM.ActiveCfg = Release|Any CPU
		{67F9D3A8-F71E-4428-913F-C37AE82CDB24}.Release|iPhone.ActiveCfg = Release|Any CPU
		{67F9D3A8-F71E-4428-913F-C37AE82CDB24}.Release|iPhoneSimulator.ActiveCfg = Release|Any CPU
		{67F9D3A8-F71E-4428-913F-C37AE82CDB24}.Release|Mixed Platforms.ActiveCfg = Release|Any CPU
		{67F9D3A8-F71E-4428-913F-C37AE82CDB24}.Release|Mixed Platforms.Build.0 = Release|Any CPU
		{67F9D3A8-F71E-4428-913F-C37AE82CDB24}.Release|x64.ActiveCfg = Release|Any CPU
		{67F9D3A8-F71E-4428-913F-C37AE82CDB24}.Release|x86.ActiveCfg = Release|Any CPU
		{18EAA6BB-DACC-4219-A52C-C4982E73AC00}.Ad-Hoc|Any CPU.ActiveCfg = Release|Any CPU
		{18EAA6BB-DACC-4219-A52C-C4982E73AC00}.Ad-Hoc|Any CPU.Build.0 = Release|Any CPU
		{18EAA6BB-DACC-4219-A52C-C4982E73AC00}.Ad-Hoc|ARM.ActiveCfg = Release|Any CPU
		{18EAA6BB-DACC-4219-A52C-C4982E73AC00}.Ad-Hoc|iPhone.ActiveCfg = Release|Any CPU
		{18EAA6BB-DACC-4219-A52C-C4982E73AC00}.Ad-Hoc|iPhoneSimulator.ActiveCfg = Release|Any CPU
		{18EAA6BB-DACC-4219-A52C-C4982E73AC00}.Ad-Hoc|Mixed Platforms.ActiveCfg = Release|Any CPU
		{18EAA6BB-DACC-4219-A52C-C4982E73AC00}.Ad-Hoc|Mixed Platforms.Build.0 = Release|Any CPU
		{18EAA6BB-DACC-4219-A52C-C4982E73AC00}.Ad-Hoc|x64.ActiveCfg = Debug|Any CPU
		{18EAA6BB-DACC-4219-A52C-C4982E73AC00}.Ad-Hoc|x86.ActiveCfg = Release|Any CPU
		{18EAA6BB-DACC-4219-A52C-C4982E73AC00}.AppStore|Any CPU.ActiveCfg = Release|Any CPU
		{18EAA6BB-DACC-4219-A52C-C4982E73AC00}.AppStore|Any CPU.Build.0 = Release|Any CPU
		{18EAA6BB-DACC-4219-A52C-C4982E73AC00}.AppStore|ARM.ActiveCfg = Release|Any CPU
		{18EAA6BB-DACC-4219-A52C-C4982E73AC00}.AppStore|iPhone.ActiveCfg = Release|Any CPU
		{18EAA6BB-DACC-4219-A52C-C4982E73AC00}.AppStore|iPhoneSimulator.ActiveCfg = Release|Any CPU
		{18EAA6BB-DACC-4219-A52C-C4982E73AC00}.AppStore|Mixed Platforms.ActiveCfg = Release|Any CPU
		{18EAA6BB-DACC-4219-A52C-C4982E73AC00}.AppStore|Mixed Platforms.Build.0 = Release|Any CPU
		{18EAA6BB-DACC-4219-A52C-C4982E73AC00}.AppStore|x64.ActiveCfg = Debug|Any CPU
		{18EAA6BB-DACC-4219-A52C-C4982E73AC00}.AppStore|x86.ActiveCfg = Release|Any CPU
		{18EAA6BB-DACC-4219-A52C-C4982E73AC00}.Debug|Any CPU.ActiveCfg = Debug|Any CPU
		{18EAA6BB-DACC-4219-A52C-C4982E73AC00}.Debug|Any CPU.Build.0 = Debug|Any CPU
		{18EAA6BB-DACC-4219-A52C-C4982E73AC00}.Debug|ARM.ActiveCfg = Debug|Any CPU
		{18EAA6BB-DACC-4219-A52C-C4982E73AC00}.Debug|iPhone.ActiveCfg = Debug|Any CPU
		{18EAA6BB-DACC-4219-A52C-C4982E73AC00}.Debug|iPhoneSimulator.ActiveCfg = Debug|Any CPU
		{18EAA6BB-DACC-4219-A52C-C4982E73AC00}.Debug|Mixed Platforms.ActiveCfg = Debug|Any CPU
		{18EAA6BB-DACC-4219-A52C-C4982E73AC00}.Debug|Mixed Platforms.Build.0 = Debug|Any CPU
		{18EAA6BB-DACC-4219-A52C-C4982E73AC00}.Debug|x64.ActiveCfg = Debug|Any CPU
		{18EAA6BB-DACC-4219-A52C-C4982E73AC00}.Debug|x86.ActiveCfg = Debug|Any CPU
		{18EAA6BB-DACC-4219-A52C-C4982E73AC00}.Release|Any CPU.ActiveCfg = Release|Any CPU
		{18EAA6BB-DACC-4219-A52C-C4982E73AC00}.Release|Any CPU.Build.0 = Release|Any CPU
		{18EAA6BB-DACC-4219-A52C-C4982E73AC00}.Release|ARM.ActiveCfg = Release|Any CPU
		{18EAA6BB-DACC-4219-A52C-C4982E73AC00}.Release|iPhone.ActiveCfg = Release|Any CPU
		{18EAA6BB-DACC-4219-A52C-C4982E73AC00}.Release|iPhoneSimulator.ActiveCfg = Release|Any CPU
		{18EAA6BB-DACC-4219-A52C-C4982E73AC00}.Release|Mixed Platforms.ActiveCfg = Release|Any CPU
		{18EAA6BB-DACC-4219-A52C-C4982E73AC00}.Release|Mixed Platforms.Build.0 = Release|Any CPU
		{18EAA6BB-DACC-4219-A52C-C4982E73AC00}.Release|x64.ActiveCfg = Release|Any CPU
		{18EAA6BB-DACC-4219-A52C-C4982E73AC00}.Release|x86.ActiveCfg = Release|Any CPU
		{2180034D-707B-4BC0-AFD8-3D461F61AD29}.Ad-Hoc|Any CPU.ActiveCfg = Release|Any CPU
		{2180034D-707B-4BC0-AFD8-3D461F61AD29}.Ad-Hoc|Any CPU.Build.0 = Release|Any CPU
		{2180034D-707B-4BC0-AFD8-3D461F61AD29}.Ad-Hoc|Any CPU.Deploy.0 = Release|Any CPU
		{2180034D-707B-4BC0-AFD8-3D461F61AD29}.Ad-Hoc|ARM.ActiveCfg = Release|ARM
		{2180034D-707B-4BC0-AFD8-3D461F61AD29}.Ad-Hoc|ARM.Build.0 = Release|ARM
		{2180034D-707B-4BC0-AFD8-3D461F61AD29}.Ad-Hoc|ARM.Deploy.0 = Release|ARM
		{2180034D-707B-4BC0-AFD8-3D461F61AD29}.Ad-Hoc|iPhone.ActiveCfg = Release|Any CPU
		{2180034D-707B-4BC0-AFD8-3D461F61AD29}.Ad-Hoc|iPhoneSimulator.ActiveCfg = Release|Any CPU
		{2180034D-707B-4BC0-AFD8-3D461F61AD29}.Ad-Hoc|Mixed Platforms.ActiveCfg = Release|x86
		{2180034D-707B-4BC0-AFD8-3D461F61AD29}.Ad-Hoc|Mixed Platforms.Build.0 = Release|x86
		{2180034D-707B-4BC0-AFD8-3D461F61AD29}.Ad-Hoc|Mixed Platforms.Deploy.0 = Release|x86
		{2180034D-707B-4BC0-AFD8-3D461F61AD29}.Ad-Hoc|x64.ActiveCfg = Release|x64
		{2180034D-707B-4BC0-AFD8-3D461F61AD29}.Ad-Hoc|x64.Build.0 = Release|x64
		{2180034D-707B-4BC0-AFD8-3D461F61AD29}.Ad-Hoc|x64.Deploy.0 = Release|x64
		{2180034D-707B-4BC0-AFD8-3D461F61AD29}.Ad-Hoc|x86.ActiveCfg = Release|x86
		{2180034D-707B-4BC0-AFD8-3D461F61AD29}.Ad-Hoc|x86.Build.0 = Release|x86
		{2180034D-707B-4BC0-AFD8-3D461F61AD29}.Ad-Hoc|x86.Deploy.0 = Release|x86
		{2180034D-707B-4BC0-AFD8-3D461F61AD29}.AppStore|Any CPU.ActiveCfg = Release|Any CPU
		{2180034D-707B-4BC0-AFD8-3D461F61AD29}.AppStore|Any CPU.Build.0 = Release|Any CPU
		{2180034D-707B-4BC0-AFD8-3D461F61AD29}.AppStore|Any CPU.Deploy.0 = Release|Any CPU
		{2180034D-707B-4BC0-AFD8-3D461F61AD29}.AppStore|ARM.ActiveCfg = Release|ARM
		{2180034D-707B-4BC0-AFD8-3D461F61AD29}.AppStore|ARM.Build.0 = Release|ARM
		{2180034D-707B-4BC0-AFD8-3D461F61AD29}.AppStore|ARM.Deploy.0 = Release|ARM
		{2180034D-707B-4BC0-AFD8-3D461F61AD29}.AppStore|iPhone.ActiveCfg = Release|Any CPU
		{2180034D-707B-4BC0-AFD8-3D461F61AD29}.AppStore|iPhoneSimulator.ActiveCfg = Release|Any CPU
		{2180034D-707B-4BC0-AFD8-3D461F61AD29}.AppStore|Mixed Platforms.ActiveCfg = Release|x86
		{2180034D-707B-4BC0-AFD8-3D461F61AD29}.AppStore|Mixed Platforms.Build.0 = Release|x86
		{2180034D-707B-4BC0-AFD8-3D461F61AD29}.AppStore|Mixed Platforms.Deploy.0 = Release|x86
		{2180034D-707B-4BC0-AFD8-3D461F61AD29}.AppStore|x64.ActiveCfg = Release|x64
		{2180034D-707B-4BC0-AFD8-3D461F61AD29}.AppStore|x64.Build.0 = Release|x64
		{2180034D-707B-4BC0-AFD8-3D461F61AD29}.AppStore|x64.Deploy.0 = Release|x64
		{2180034D-707B-4BC0-AFD8-3D461F61AD29}.AppStore|x86.ActiveCfg = Release|x86
		{2180034D-707B-4BC0-AFD8-3D461F61AD29}.AppStore|x86.Build.0 = Release|x86
		{2180034D-707B-4BC0-AFD8-3D461F61AD29}.AppStore|x86.Deploy.0 = Release|x86
		{2180034D-707B-4BC0-AFD8-3D461F61AD29}.Debug|Any CPU.ActiveCfg = Debug|Any CPU
		{2180034D-707B-4BC0-AFD8-3D461F61AD29}.Debug|Any CPU.Build.0 = Debug|Any CPU
		{2180034D-707B-4BC0-AFD8-3D461F61AD29}.Debug|Any CPU.Deploy.0 = Debug|Any CPU
		{2180034D-707B-4BC0-AFD8-3D461F61AD29}.Debug|ARM.ActiveCfg = Debug|ARM
		{2180034D-707B-4BC0-AFD8-3D461F61AD29}.Debug|ARM.Build.0 = Debug|ARM
		{2180034D-707B-4BC0-AFD8-3D461F61AD29}.Debug|ARM.Deploy.0 = Debug|ARM
		{2180034D-707B-4BC0-AFD8-3D461F61AD29}.Debug|iPhone.ActiveCfg = Debug|Any CPU
		{2180034D-707B-4BC0-AFD8-3D461F61AD29}.Debug|iPhoneSimulator.ActiveCfg = Debug|Any CPU
		{2180034D-707B-4BC0-AFD8-3D461F61AD29}.Debug|Mixed Platforms.ActiveCfg = Debug|x86
		{2180034D-707B-4BC0-AFD8-3D461F61AD29}.Debug|Mixed Platforms.Build.0 = Debug|x86
		{2180034D-707B-4BC0-AFD8-3D461F61AD29}.Debug|Mixed Platforms.Deploy.0 = Debug|x86
		{2180034D-707B-4BC0-AFD8-3D461F61AD29}.Debug|x64.ActiveCfg = Debug|x64
		{2180034D-707B-4BC0-AFD8-3D461F61AD29}.Debug|x64.Build.0 = Debug|x64
		{2180034D-707B-4BC0-AFD8-3D461F61AD29}.Debug|x64.Deploy.0 = Debug|x64
		{2180034D-707B-4BC0-AFD8-3D461F61AD29}.Debug|x86.ActiveCfg = Debug|x86
		{2180034D-707B-4BC0-AFD8-3D461F61AD29}.Debug|x86.Build.0 = Debug|x86
		{2180034D-707B-4BC0-AFD8-3D461F61AD29}.Debug|x86.Deploy.0 = Debug|x86
		{2180034D-707B-4BC0-AFD8-3D461F61AD29}.Release|Any CPU.ActiveCfg = Release|Any CPU
		{2180034D-707B-4BC0-AFD8-3D461F61AD29}.Release|Any CPU.Build.0 = Release|Any CPU
		{2180034D-707B-4BC0-AFD8-3D461F61AD29}.Release|Any CPU.Deploy.0 = Release|Any CPU
		{2180034D-707B-4BC0-AFD8-3D461F61AD29}.Release|ARM.ActiveCfg = Release|ARM
		{2180034D-707B-4BC0-AFD8-3D461F61AD29}.Release|ARM.Build.0 = Release|ARM
		{2180034D-707B-4BC0-AFD8-3D461F61AD29}.Release|ARM.Deploy.0 = Release|ARM
		{2180034D-707B-4BC0-AFD8-3D461F61AD29}.Release|iPhone.ActiveCfg = Release|Any CPU
		{2180034D-707B-4BC0-AFD8-3D461F61AD29}.Release|iPhoneSimulator.ActiveCfg = Release|Any CPU
		{2180034D-707B-4BC0-AFD8-3D461F61AD29}.Release|Mixed Platforms.ActiveCfg = Release|x86
		{2180034D-707B-4BC0-AFD8-3D461F61AD29}.Release|Mixed Platforms.Build.0 = Release|x86
		{2180034D-707B-4BC0-AFD8-3D461F61AD29}.Release|Mixed Platforms.Deploy.0 = Release|x86
		{2180034D-707B-4BC0-AFD8-3D461F61AD29}.Release|x64.ActiveCfg = Release|x64
		{2180034D-707B-4BC0-AFD8-3D461F61AD29}.Release|x64.Build.0 = Release|x64
		{2180034D-707B-4BC0-AFD8-3D461F61AD29}.Release|x64.Deploy.0 = Release|x64
		{2180034D-707B-4BC0-AFD8-3D461F61AD29}.Release|x86.ActiveCfg = Release|x86
		{2180034D-707B-4BC0-AFD8-3D461F61AD29}.Release|x86.Build.0 = Release|x86
		{2180034D-707B-4BC0-AFD8-3D461F61AD29}.Release|x86.Deploy.0 = Release|x86
	EndGlobalSection
	GlobalSection(SolutionProperties) = preSolution
		HideSolutionNode = FALSE
	EndGlobalSection
	GlobalSection(NestedProjects) = preSolution
		{E1C37F46-1276-42BD-80FA-2F34017EE547} = {C4EE142E-DB99-4B4D-9844-8F2CF0BFB4A9}
		{2180034D-707B-4BC0-AFD8-3D461F61AD29} = {C4EE142E-DB99-4B4D-9844-8F2CF0BFB4A9}
	EndGlobalSection
EndGlobal
